
Microsoft Visual Studio Solution File, Format Version 12.00
Project("{FAE04EC0-301F-11D3-BF4B-00C04F79EFBC}") = "WattsWorth.ServiceDefaults", "WattsWorth.ServiceDefaults\WattsWorth.ServiceDefaults.csproj", "{45D1EDE6-5BB4-4238-B0AD-4D78D02F3576}"
EndProject
Project("{FAE04EC0-301F-11D3-BF4B-00C04F79EFBC}") = "WattsWorth.ApiService", "WattsWorth.ApiService\WattsWorth.ApiService.csproj", "{3AC9082D-D278-444E-A7E8-11623AFE9343}"
EndProject
Project("{FAE04EC0-301F-11D3-BF4B-00C04F79EFBC}") = "WattsWorth.Web", "WattsWorth.Web\WattsWorth.Web.csproj", "{437900B1-452F-4EF6-BE72-080306D85F50}"
EndProject
Project("{FAE04EC0-301F-11D3-BF4B-00C04F79EFBC}") = "WattsWorth.AppHost", "WattsWorth.AppHost\WattsWorth.AppHost.csproj", "{E7F8245E-35ED-4808-A034-C72DDC5B363B}"
EndProject
Project("{FAE04EC0-301F-11D3-BF4B-00C04F79EFBC}") = "WattsWorth.Infrastructure", "WattsWorth.Infrastructure\WattsWorth.Infrastructure.csproj", "{282188EC-A221-455E-A21E-EED115812DD0}"
EndProject
Project("{2150E333-8FDC-42A3-9474-1A3956D46DE8}") = "01 Core", "01 Core", "{A297E491-3AFE-404E-96A8-BB95C45EADCC}"
EndProject
Project("{2150E333-8FDC-42A3-9474-1A3956D46DE8}") = "02 Infrastructure", "02 Infrastructure", "{81963DB9-4D63-4C2A-9178-C6FD8031C2A2}"
EndProject
Project("{2150E333-8FDC-42A3-9474-1A3956D46DE8}") = "03 Application", "03 Application", "{C1E8BAEB-6400-40FE-A40D-1B96910A3882}"
EndProject
Project("{2150E333-8FDC-42A3-9474-1A3956D46DE8}") = "04 API", "04 API", "{056734BE-365E-4ECE-98C2-CF36BB570003}"
EndProject
Project("{2150E333-8FDC-42A3-9474-1A3956D46DE8}") = "05 Web", "05 Web", "{BDE4A59A-60A8-4F56-89EB-F4E82E113340}"
EndProject
Project("{FAE04EC0-301F-11D3-BF4B-00C04F79EFBC}") = "WattsWorth.Application", "WattsWorth.Application\WattsWorth.Application.csproj", "{F2693A78-F173-4F99-A9FB-FE500254AA36}"
EndProject
Project("{FAE04EC0-301F-11D3-BF4B-00C04F79EFBC}") = "WattsWorth.Core", "WattsWorth.Core\WattsWorth.Core.csproj", "{B541DEA0-7E21-41D9-84D1-08C4F388CB05}"
EndProject
Project("{2150E333-8FDC-42A3-9474-1A3956D46DE8}") = "SolutionFolder", "SolutionFolder", "{45C08467-9EDE-42B7-9CE6-36FBD9166C5A}"
	ProjectSection(SolutionItems) = preProject
		Directory.Build.props = Directory.Build.props
	EndProjectSection
EndProject
Project("{FAE04EC0-301F-11D3-BF4B-00C04F79EFBC}") = "WattsWorth.Database", "WattsWorth.Database\WattsWorth.Database.csproj", "{DF42EADC-D7AD-429A-A9FE-0660F528C53D}"
EndProject
Global
	GlobalSection(SolutionConfigurationPlatforms) = preSolution
		Debug|Any CPU = Debug|Any CPU
		Release|Any CPU = Release|Any CPU
	EndGlobalSection
	GlobalSection(ProjectConfigurationPlatforms) = postSolution
		{45D1EDE6-5BB4-4238-B0AD-4D78D02F3576}.Debug|Any CPU.ActiveCfg = Debug|Any CPU
		{45D1EDE6-5BB4-4238-B0AD-4D78D02F3576}.Debug|Any CPU.Build.0 = Debug|Any CPU
		{45D1EDE6-5BB4-4238-B0AD-4D78D02F3576}.Release|Any CPU.ActiveCfg = Release|Any CPU
		{45D1EDE6-5BB4-4238-B0AD-4D78D02F3576}.Release|Any CPU.Build.0 = Release|Any CPU
		{3AC9082D-D278-444E-A7E8-11623AFE9343}.Debug|Any CPU.ActiveCfg = Debug|Any CPU
		{3AC9082D-D278-444E-A7E8-11623AFE9343}.Debug|Any CPU.Build.0 = Debug|Any CPU
		{3AC9082D-D278-444E-A7E8-11623AFE9343}.Release|Any CPU.ActiveCfg = Release|Any CPU
		{3AC9082D-D278-444E-A7E8-11623AFE9343}.Release|Any CPU.Build.0 = Release|Any CPU
		{437900B1-452F-4EF6-BE72-080306D85F50}.Debug|Any CPU.ActiveCfg = Debug|Any CPU
		{437900B1-452F-4EF6-BE72-080306D85F50}.Debug|Any CPU.Build.0 = Debug|Any CPU
		{437900B1-452F-4EF6-BE72-080306D85F50}.Release|Any CPU.ActiveCfg = Release|Any CPU
		{437900B1-452F-4EF6-BE72-080306D85F50}.Release|Any CPU.Build.0 = Release|Any CPU
		{E7F8245E-35ED-4808-A034-C72DDC5B363B}.Debug|Any CPU.ActiveCfg = Debug|Any CPU
		{E7F8245E-35ED-4808-A034-C72DDC5B363B}.Debug|Any CPU.Build.0 = Debug|Any CPU
		{E7F8245E-35ED-4808-A034-C72DDC5B363B}.Release|Any CPU.ActiveCfg = Release|Any CPU
		{E7F8245E-35ED-4808-A034-C72DDC5B363B}.Release|Any CPU.Build.0 = Release|Any CPU
		{282188EC-A221-455E-A21E-EED115812DD0}.Debug|Any CPU.ActiveCfg = Debug|Any CPU
		{282188EC-A221-455E-A21E-EED115812DD0}.Debug|Any CPU.Build.0 = Debug|Any CPU
		{282188EC-A221-455E-A21E-EED115812DD0}.Release|Any CPU.ActiveCfg = Release|Any CPU
		{282188EC-A221-455E-A21E-EED115812DD0}.Release|Any CPU.Build.0 = Release|Any CPU
		{F2693A78-F173-4F99-A9FB-FE500254AA36}.Debug|Any CPU.ActiveCfg = Debug|Any CPU
		{F2693A78-F173-4F99-A9FB-FE500254AA36}.Debug|Any CPU.Build.0 = Debug|Any CPU
		{F2693A78-F173-4F99-A9FB-FE500254AA36}.Release|Any CPU.ActiveCfg = Release|Any CPU
		{F2693A78-F173-4F99-A9FB-FE500254AA36}.Release|Any CPU.Build.0 = Release|Any CPU
		{B541DEA0-7E21-41D9-84D1-08C4F388CB05}.Debug|Any CPU.ActiveCfg = Debug|Any CPU
		{B541DEA0-7E21-41D9-84D1-08C4F388CB05}.Debug|Any CPU.Build.0 = Debug|Any CPU
		{B541DEA0-7E21-41D9-84D1-08C4F388CB05}.Release|Any CPU.ActiveCfg = Release|Any CPU
		{B541DEA0-7E21-41D9-84D1-08C4F388CB05}.Release|Any CPU.Build.0 = Release|Any CPU
		{DF42EADC-D7AD-429A-A9FE-0660F528C53D}.Debug|Any CPU.ActiveCfg = Debug|Any CPU
		{DF42EADC-D7AD-429A-A9FE-0660F528C53D}.Debug|Any CPU.Build.0 = Debug|Any CPU
		{DF42EADC-D7AD-429A-A9FE-0660F528C53D}.Release|Any CPU.ActiveCfg = Release|Any CPU
		{DF42EADC-D7AD-429A-A9FE-0660F528C53D}.Release|Any CPU.Build.0 = Release|Any CPU
	EndGlobalSection
	GlobalSection(NestedProjects) = preSolution
		{3AC9082D-D278-444E-A7E8-11623AFE9343} = {056734BE-365E-4ECE-98C2-CF36BB570003}
		{E7F8245E-35ED-4808-A034-C72DDC5B363B} = {BDE4A59A-60A8-4F56-89EB-F4E82E113340}
		{282188EC-A221-455E-A21E-EED115812DD0} = {81963DB9-4D63-4C2A-9178-C6FD8031C2A2}
		{437900B1-452F-4EF6-BE72-080306D85F50} = {BDE4A59A-60A8-4F56-89EB-F4E82E113340}
		{45D1EDE6-5BB4-4238-B0AD-4D78D02F3576} = {A297E491-3AFE-404E-96A8-BB95C45EADCC}
		{F2693A78-F173-4F99-A9FB-FE500254AA36} = {C1E8BAEB-6400-40FE-A40D-1B96910A3882}
		{B541DEA0-7E21-41D9-84D1-08C4F388CB05} = {A297E491-3AFE-404E-96A8-BB95C45EADCC}
		{DF42EADC-D7AD-429A-A9FE-0660F528C53D} = {81963DB9-4D63-4C2A-9178-C6FD8031C2A2}
	EndGlobalSection
EndGlobal
